
Microsoft Visual Studio Solution File, Format Version 10.00
# Visual Studio 2008
Project("{FAE04EC0-301F-11D3-BF4B-00C04F79EFBC}") = "ContactManager", "ContactManager\ContactManager.csproj", "{B7D6134E-118B-4FCB-B45F-38930B4889A3}"
EndProject
Project("{FAE04EC0-301F-11D3-BF4B-00C04F79EFBC}") = "SharpSSH", "SharpSSH\SharpSSH.csproj", "{D27CF69D-4681-492A-BE4D-D3D209104423}"
EndProject
Project("{FAE04EC0-301F-11D3-BF4B-00C04F79EFBC}") = "ContactManager.Models", "ContactManager.Models\ContactManager.Models.csproj", "{CA6EDC25-507E-48C5-AC9F-F99BB32E171A}"
EndProject
Project("{FAE04EC0-301F-11D3-BF4B-00C04F79EFBC}") = "ContactManager.Web", "ContactManager.Web\ContactManager.Web.csproj", "{46413CCA-84DE-4D9C-A30D-105231A715F0}"
EndProject
Project("{FAE04EC0-301F-11D3-BF4B-00C04F79EFBC}") = "ContactManager.SSH", "ContactManager.SSH\ContactManager.SSH.csproj", "{CCE5B7F0-9B7F-4F96-95A5-CF0C0E1D0755}"
EndProject
Project("{FAE04EC0-301F-11D3-BF4B-00C04F79EFBC}") = "ContactManager.PPP", "ContactManager.PPP\ContactManager.PPP.csproj", "{EACF1926-D96A-445B-BD6F-271EACE6F02E}"
EndProject
Project("{FAE04EC0-301F-11D3-BF4B-00C04F79EFBC}") = "ContactManager.Users", "ContactManager.Users\ContactManager.Users.csproj", "{3714F4A7-571B-47C4-925A-527F67F45637}"
EndProject
Project("{FAE04EC0-301F-11D3-BF4B-00C04F79EFBC}") = "ContactManager.Services", "ContactManager.Services\ContactManager.Services.csproj", "{23AB597B-8130-4F0B-A4A9-4DB46E6AD927}"
EndProject
Project("{FAE04EC0-301F-11D3-BF4B-00C04F79EFBC}") = "ContactManager.Synchronization", "ContactManager.Synchronization\ContactManager.Synchronization.csproj", "{992422D0-1AAD-4B19-AE12-115F4AB7342B}"
EndProject
Project("{FAE04EC0-301F-11D3-BF4B-00C04F79EFBC}") = "ContactManager.Accounts", "ContactManager.Accounts\ContactManager.Accounts.csproj", "{10900875-21DD-4898-9C44-7BA74FA4B0DF}"
EndProject
Project("{FAE04EC0-301F-11D3-BF4B-00C04F79EFBC}") = "ContactManager.Hosts", "ContactManager.Hosts\ContactManager.Hosts.csproj", "{9FCC78FF-0A44-4A92-BFDC-D2C758246777}"
EndProject
Project("{FAE04EC0-301F-11D3-BF4B-00C04F79EFBC}") = "ContactManager.Addresses", "ContactManager.Addresses\ContactManager.Addresses.csproj", "{6A200617-E0CC-465C-A8F9-626CE89DA86C}"
EndProject
Project("{FAE04EC0-301F-11D3-BF4B-00C04F79EFBC}") = "ContactManager.ObjectContextManagement", "ContactManager.ObjectContextManagement\ContactManager.ObjectContextManagement.csproj", "{828D3593-DFFC-4316-BB8D-9173CAEC6F1C}"
EndProject
Global
	GlobalSection(SolutionConfigurationPlatforms) = preSolution
		Debug|Any CPU = Debug|Any CPU
		Release|Any CPU = Release|Any CPU
	EndGlobalSection
	GlobalSection(ProjectConfigurationPlatforms) = postSolution
		{B7D6134E-118B-4FCB-B45F-38930B4889A3}.Debug|Any CPU.ActiveCfg = Debug|Any CPU
		{B7D6134E-118B-4FCB-B45F-38930B4889A3}.Debug|Any CPU.Build.0 = Debug|Any CPU
		{B7D6134E-118B-4FCB-B45F-38930B4889A3}.Release|Any CPU.ActiveCfg = Release|Any CPU
		{B7D6134E-118B-4FCB-B45F-38930B4889A3}.Release|Any CPU.Build.0 = Release|Any CPU
		{D27CF69D-4681-492A-BE4D-D3D209104423}.Debug|Any CPU.ActiveCfg = Debug|Any CPU
		{D27CF69D-4681-492A-BE4D-D3D209104423}.Debug|Any CPU.Build.0 = Debug|Any CPU
		{D27CF69D-4681-492A-BE4D-D3D209104423}.Release|Any CPU.ActiveCfg = Release|Any CPU
		{D27CF69D-4681-492A-BE4D-D3D209104423}.Release|Any CPU.Build.0 = Release|Any CPU
		{CA6EDC25-507E-48C5-AC9F-F99BB32E171A}.Debug|Any CPU.ActiveCfg = Debug|Any CPU
		{CA6EDC25-507E-48C5-AC9F-F99BB32E171A}.Debug|Any CPU.Build.0 = Debug|Any CPU
		{CA6EDC25-507E-48C5-AC9F-F99BB32E171A}.Release|Any CPU.ActiveCfg = Release|Any CPU
		{CA6EDC25-507E-48C5-AC9F-F99BB32E171A}.Release|Any CPU.Build.0 = Release|Any CPU
		{46413CCA-84DE-4D9C-A30D-105231A715F0}.Debug|Any CPU.ActiveCfg = Debug|Any CPU
		{46413CCA-84DE-4D9C-A30D-105231A715F0}.Debug|Any CPU.Build.0 = Debug|Any CPU
		{46413CCA-84DE-4D9C-A30D-105231A715F0}.Release|Any CPU.ActiveCfg = Release|Any CPU
		{46413CCA-84DE-4D9C-A30D-105231A715F0}.Release|Any CPU.Build.0 = Release|Any CPU
		{CCE5B7F0-9B7F-4F96-95A5-CF0C0E1D0755}.Debug|Any CPU.ActiveCfg = Debug|Any CPU
		{CCE5B7F0-9B7F-4F96-95A5-CF0C0E1D0755}.Debug|Any CPU.Build.0 = Debug|Any CPU
		{CCE5B7F0-9B7F-4F96-95A5-CF0C0E1D0755}.Release|Any CPU.ActiveCfg = Release|Any CPU
		{CCE5B7F0-9B7F-4F96-95A5-CF0C0E1D0755}.Release|Any CPU.Build.0 = Release|Any CPU
		{EACF1926-D96A-445B-BD6F-271EACE6F02E}.Debug|Any CPU.ActiveCfg = Debug|Any CPU
		{EACF1926-D96A-445B-BD6F-271EACE6F02E}.Debug|Any CPU.Build.0 = Debug|Any CPU
		{EACF1926-D96A-445B-BD6F-271EACE6F02E}.Release|Any CPU.ActiveCfg = Release|Any CPU
		{EACF1926-D96A-445B-BD6F-271EACE6F02E}.Release|Any CPU.Build.0 = Release|Any CPU
		{3714F4A7-571B-47C4-925A-527F67F45637}.Debug|Any CPU.ActiveCfg = Debug|Any CPU
		{3714F4A7-571B-47C4-925A-527F67F45637}.Debug|Any CPU.Build.0 = Debug|Any CPU
		{3714F4A7-571B-47C4-925A-527F67F45637}.Release|Any CPU.ActiveCfg = Release|Any CPU
		{3714F4A7-571B-47C4-925A-527F67F45637}.Release|Any CPU.Build.0 = Release|Any CPU
		{23AB597B-8130-4F0B-A4A9-4DB46E6AD927}.Debug|Any CPU.ActiveCfg = Debug|Any CPU
		{23AB597B-8130-4F0B-A4A9-4DB46E6AD927}.Debug|Any CPU.Build.0 = Debug|Any CPU
		{23AB597B-8130-4F0B-A4A9-4DB46E6AD927}.Release|Any CPU.ActiveCfg = Release|Any CPU
		{23AB597B-8130-4F0B-A4A9-4DB46E6AD927}.Release|Any CPU.Build.0 = Release|Any CPU
		{992422D0-1AAD-4B19-AE12-115F4AB7342B}.Debug|Any CPU.ActiveCfg = Debug|Any CPU
		{992422D0-1AAD-4B19-AE12-115F4AB7342B}.Debug|Any CPU.Build.0 = Debug|Any CPU
		{992422D0-1AAD-4B19-AE12-115F4AB7342B}.Release|Any CPU.ActiveCfg = Release|Any CPU
		{992422D0-1AAD-4B19-AE12-115F4AB7342B}.Release|Any CPU.Build.0 = Release|Any CPU
		{10900875-21DD-4898-9C44-7BA74FA4B0DF}.Debug|Any CPU.ActiveCfg = Debug|Any CPU
		{10900875-21DD-4898-9C44-7BA74FA4B0DF}.Debug|Any CPU.Build.0 = Debug|Any CPU
		{10900875-21DD-4898-9C44-7BA74FA4B0DF}.Release|Any CPU.ActiveCfg = Release|Any CPU
		{10900875-21DD-4898-9C44-7BA74FA4B0DF}.Release|Any CPU.Build.0 = Release|Any CPU
		{9FCC78FF-0A44-4A92-BFDC-D2C758246777}.Debug|Any CPU.ActiveCfg = Debug|Any CPU
		{9FCC78FF-0A44-4A92-BFDC-D2C758246777}.Debug|Any CPU.Build.0 = Debug|Any CPU
		{9FCC78FF-0A44-4A92-BFDC-D2C758246777}.Release|Any CPU.ActiveCfg = Release|Any CPU
		{9FCC78FF-0A44-4A92-BFDC-D2C758246777}.Release|Any CPU.Build.0 = Release|Any CPU
		{6A200617-E0CC-465C-A8F9-626CE89DA86C}.Debug|Any CPU.ActiveCfg = Debug|Any CPU
		{6A200617-E0CC-465C-A8F9-626CE89DA86C}.Debug|Any CPU.Build.0 = Debug|Any CPU
		{6A200617-E0CC-465C-A8F9-626CE89DA86C}.Release|Any CPU.ActiveCfg = Release|Any CPU
		{6A200617-E0CC-465C-A8F9-626CE89DA86C}.Release|Any CPU.Build.0 = Release|Any CPU
		{828D3593-DFFC-4316-BB8D-9173CAEC6F1C}.Debug|Any CPU.ActiveCfg = Debug|Any CPU
		{828D3593-DFFC-4316-BB8D-9173CAEC6F1C}.Debug|Any CPU.Build.0 = Debug|Any CPU
		{828D3593-DFFC-4316-BB8D-9173CAEC6F1C}.Release|Any CPU.ActiveCfg = Release|Any CPU
		{828D3593-DFFC-4316-BB8D-9173CAEC6F1C}.Release|Any CPU.Build.0 = Release|Any CPU
	EndGlobalSection
	GlobalSection(SolutionProperties) = preSolution
		HideSolutionNode = FALSE
	EndGlobalSection
EndGlobal
